<?xml version="1.0" encoding="UTF-8" standalone="yes" ?>
<CodeBlocks_project_file>
	<FileVersion major="1" minor="6" />
	<Project>
		<Option title="hostapd" />
		<Option pch_mode="2" />
		<Option compiler="gcc" />
		<Build>
			<Target title="Debug">
				<Option output="bin/Debug/hostapd" prefix_auto="1" extension_auto="1" />
				<Option object_output="obj/Debug/" />
				<Option type="1" />
				<Option compiler="gcc" />
				<Compiler>
					<Add option="-g" />
				</Compiler>
			</Target>
			<Target title="Release">
				<Option output="bin/Release/hostapd" prefix_auto="1" extension_auto="1" />
				<Option object_output="obj/Release/" />
				<Option type="1" />
				<Option compiler="gcc" />
				<Compiler>
					<Add option="-O2" />
				</Compiler>
				<Linker>
					<Add option="-s" />
				</Linker>
			</Target>
		</Build>
		<Compiler>
			<Add option="-Wall" />
		</Compiler>
		<Unit filename="hostapd/Android.mk" />
		<Unit filename="hostapd/ChangeLog" />
		<Unit filename="hostapd/Makefile" />
		<Unit filename="hostapd/README" />
		<Unit filename="hostapd/README-WPS" />
		<Unit filename="hostapd/android.config" />
		<Unit filename="hostapd/config/dnsmasq.conf" />
		<Unit filename="hostapd/config/hostapd.conf" />
		<Unit filename="hostapd/config_file.c">
			<Option compilerVar="CC" />
		</Unit>
		<Unit filename="hostapd/config_file.h" />
		<Unit filename="hostapd/ctrl_iface.c">
			<Option compilerVar="CC" />
		</Unit>
		<Unit filename="hostapd/ctrl_iface.h" />
		<Unit filename="hostapd/defconfig" />
		<Unit filename="hostapd/eap_register.c">
			<Option compilerVar="CC" />
		</Unit>
		<Unit filename="hostapd/eap_register.h" />
		<Unit filename="hostapd/eap_testing.txt" />
		<Unit filename="hostapd/hapd_module_tests.c">
			<Option compilerVar="CC" />
		</Unit>
		<Unit filename="hostapd/hlr_auc_gw.c">
			<Option compilerVar="CC" />
		</Unit>
		<Unit filename="hostapd/hlr_auc_gw.milenage_db" />
		<Unit filename="hostapd/hlr_auc_gw.txt" />
		<Unit filename="hostapd/hostapd.8" />
		<Unit filename="hostapd/hostapd.accept" />
		<Unit filename="hostapd/hostapd.conf" />
		<Unit filename="hostapd/hostapd.deny" />
		<Unit filename="hostapd/hostapd.eap_user" />
		<Unit filename="hostapd/hostapd.eap_user_sqlite" />
		<Unit filename="hostapd/hostapd.layout" />
		<Unit filename="hostapd/hostapd.radius_clients" />
		<Unit filename="hostapd/hostapd.sim_db" />
		<Unit filename="hostapd/hostapd.vlan" />
		<Unit filename="hostapd/hostapd.wpa_psk" />
		<Unit filename="hostapd/hostapd_cli.1" />
		<Unit filename="hostapd/hostapd_cli.c">
			<Option compilerVar="CC" />
		</Unit>
		<Unit filename="hostapd/logwatch/README" />
		<Unit filename="hostapd/logwatch/hostapd" />
		<Unit filename="hostapd/logwatch/hostapd.conf" />
		<Unit filename="hostapd/main.c">
			<Option compilerVar="CC" />
		</Unit>
		<Unit filename="hostapd/nt_password_hash.c">
			<Option compilerVar="CC" />
		</Unit>
		<Unit filename="hostapd/starthostapd.sh" />
		<Unit filename="hostapd/tools/libnl-dev_1.1-7_amd64.deb" />
		<Unit filename="hostapd/tools/libnl1_1.1-7_amd64.deb" />
		<Unit filename="hostapd/wired.conf" />
		<Unit filename="hostapd/wps-ap-nfc.py" />
		<Unit filename="src/Makefile" />
		<Unit filename="src/ap/Makefile" />
		<Unit filename="src/ap/accounting.c">
			<Option compilerVar="CC" />
		</Unit>
		<Unit filename="src/ap/accounting.h" />
		<Unit filename="src/ap/acs.c">
			<Option compilerVar="CC" />
		</Unit>
		<Unit filename="src/ap/acs.h" />
		<Unit filename="src/ap/ap_config.c">
			<Option compilerVar="CC" />
		</Unit>
		<Unit filename="src/ap/ap_config.h" />
		<Unit filename="src/ap/ap_drv_ops.c">
			<Option compilerVar="CC" />
		</Unit>
		<Unit filename="src/ap/ap_drv_ops.h" />
		<Unit filename="src/ap/ap_list.c">
			<Option compilerVar="CC" />
		</Unit>
		<Unit filename="src/ap/ap_list.h" />
		<Unit filename="src/ap/ap_mlme.c">
			<Option compilerVar="CC" />
		</Unit>
		<Unit filename="src/ap/ap_mlme.h" />
		<Unit filename="src/ap/authsrv.c">
			<Option compilerVar="CC" />
		</Unit>
		<Unit filename="src/ap/authsrv.h" />
		<Unit filename="src/ap/beacon.c">
			<Option compilerVar="CC" />
		</Unit>
		<Unit filename="src/ap/beacon.h" />
		<Unit filename="src/ap/bss_load.c">
			<Option compilerVar="CC" />
		</Unit>
		<Unit filename="src/ap/bss_load.h" />
		<Unit filename="src/ap/ctrl_iface_ap.c">
			<Option compilerVar="CC" />
		</Unit>
		<Unit filename="src/ap/ctrl_iface_ap.h" />
		<Unit filename="src/ap/dfs.c">
			<Option compilerVar="CC" />
		</Unit>
		<Unit filename="src/ap/dfs.h" />
		<Unit filename="src/ap/dhcp_snoop.c">
			<Option compilerVar="CC" />
		</Unit>
		<Unit filename="src/ap/dhcp_snoop.h" />
		<Unit filename="src/ap/drv_callbacks.c">
			<Option compilerVar="CC" />
		</Unit>
		<Unit filename="src/ap/eap_user_db.c">
			<Option compilerVar="CC" />
		</Unit>
		<Unit filename="src/ap/gas_serv.c">
			<Option compilerVar="CC" />
		</Unit>
		<Unit filename="src/ap/gas_serv.h" />
		<Unit filename="src/ap/hostapd.c">
			<Option compilerVar="CC" />
		</Unit>
		<Unit filename="src/ap/hostapd.h" />
		<Unit filename="src/ap/hs20.c">
			<Option compilerVar="CC" />
		</Unit>
		<Unit filename="src/ap/hs20.h" />
		<Unit filename="src/ap/hw_features.c">
			<Option compilerVar="CC" />
		</Unit>
		<Unit filename="src/ap/hw_features.h" />
		<Unit filename="src/ap/iapp.c">
			<Option compilerVar="CC" />
		</Unit>
		<Unit filename="src/ap/iapp.h" />
		<Unit filename="src/ap/ieee802_11.c">
			<Option compilerVar="CC" />
		</Unit>
		<Unit filename="src/ap/ieee802_11.h" />
		<Unit filename="src/ap/ieee802_11_auth.c">
			<Option compilerVar="CC" />
		</Unit>
		<Unit filename="src/ap/ieee802_11_auth.h" />
		<Unit filename="src/ap/ieee802_11_ht.c">
			<Option compilerVar="CC" />
		</Unit>
		<Unit filename="src/ap/ieee802_11_shared.c">
			<Option compilerVar="CC" />
		</Unit>
		<Unit filename="src/ap/ieee802_11_vht.c">
			<Option compilerVar="CC" />
		</Unit>
		<Unit filename="src/ap/ieee802_1x.c">
			<Option compilerVar="CC" />
		</Unit>
		<Unit filename="src/ap/ieee802_1x.h" />
		<Unit filename="src/ap/ndisc_snoop.c">
			<Option compilerVar="CC" />
		</Unit>
		<Unit filename="src/ap/ndisc_snoop.h" />
		<Unit filename="src/ap/p2p_hostapd.c">
			<Option compilerVar="CC" />
		</Unit>
		<Unit filename="src/ap/p2p_hostapd.h" />
		<Unit filename="src/ap/peerkey_auth.c">
			<Option compilerVar="CC" />
		</Unit>
		<Unit filename="src/ap/pmksa_cache_auth.c">
			<Option compilerVar="CC" />
		</Unit>
		<Unit filename="src/ap/pmksa_cache_auth.h" />
		<Unit filename="src/ap/preauth_auth.c">
			<Option compilerVar="CC" />
		</Unit>
		<Unit filename="src/ap/preauth_auth.h" />
		<Unit filename="src/ap/sta_info.c">
			<Option compilerVar="CC" />
		</Unit>
		<Unit filename="src/ap/sta_info.h" />
		<Unit filename="src/ap/tkip_countermeasures.c">
			<Option compilerVar="CC" />
		</Unit>
		<Unit filename="src/ap/tkip_countermeasures.h" />
		<Unit filename="src/ap/utils.c">
			<Option compilerVar="CC" />
		</Unit>
		<Unit filename="src/ap/vlan_init.c">
			<Option compilerVar="CC" />
		</Unit>
		<Unit filename="src/ap/vlan_init.h" />
		<Unit filename="src/ap/vlan_util.c">
			<Option compilerVar="CC" />
		</Unit>
		<Unit filename="src/ap/vlan_util.h" />
		<Unit filename="src/ap/wmm.c">
			<Option compilerVar="CC" />
		</Unit>
		<Unit filename="src/ap/wmm.h" />
		<Unit filename="src/ap/wnm_ap.c">
			<Option compilerVar="CC" />
		</Unit>
		<Unit filename="src/ap/wnm_ap.h" />
		<Unit filename="src/ap/wpa_auth.c">
			<Option compilerVar="CC" />
		</Unit>
		<Unit filename="src/ap/wpa_auth.h" />
		<Unit filename="src/ap/wpa_auth_ft.c">
			<Option compilerVar="CC" />
		</Unit>
		<Unit filename="src/ap/wpa_auth_glue.c">
			<Option compilerVar="CC" />
		</Unit>
		<Unit filename="src/ap/wpa_auth_glue.h" />
		<Unit filename="src/ap/wpa_auth_i.h" />
		<Unit filename="src/ap/wpa_auth_ie.c">
			<Option compilerVar="CC" />
		</Unit>
		<Unit filename="src/ap/wpa_auth_ie.h" />
		<Unit filename="src/ap/wps_hostapd.c">
			<Option compilerVar="CC" />
		</Unit>
		<Unit filename="src/ap/wps_hostapd.h" />
		<Unit filename="src/ap/x_snoop.c">
			<Option compilerVar="CC" />
		</Unit>
		<Unit filename="src/ap/x_snoop.h" />
		<Unit filename="src/common/Makefile" />
		<Unit filename="src/common/common_module_tests.c">
			<Option compilerVar="CC" />
		</Unit>
		<Unit filename="src/common/defs.h" />
		<Unit filename="src/common/eapol_common.h" />
		<Unit filename="src/common/gas.c">
			<Option compilerVar="CC" />
		</Unit>
		<Unit filename="src/common/gas.h" />
		<Unit filename="src/common/hw_features_common.c">
			<Option compilerVar="CC" />
		</Unit>
		<Unit filename="src/common/hw_features_common.h" />
		<Unit filename="src/common/ieee802_11_common.c">
			<Option compilerVar="CC" />
		</Unit>
		<Unit filename="src/common/ieee802_11_common.h" />
		<Unit filename="src/common/ieee802_11_defs.h" />
		<Unit filename="src/common/ieee802_1x_defs.h" />
		<Unit filename="src/common/privsep_commands.h" />
		<Unit filename="src/common/qca-vendor-attr.h" />
		<Unit filename="src/common/qca-vendor.h" />
		<Unit filename="src/common/sae.c">
			<Option compilerVar="CC" />
		</Unit>
		<Unit filename="src/common/sae.h" />
		<Unit filename="src/common/tnc.h" />
		<Unit filename="src/common/version.h" />
		<Unit filename="src/common/wpa_common.c">
			<Option compilerVar="CC" />
		</Unit>
		<Unit filename="src/common/wpa_common.h" />
		<Unit filename="src/common/wpa_ctrl.c">
			<Option compilerVar="CC" />
		</Unit>
		<Unit filename="src/common/wpa_ctrl.h" />
		<Unit filename="src/common/wpa_helpers.c">
			<Option compilerVar="CC" />
		</Unit>
		<Unit filename="src/common/wpa_helpers.h" />
		<Unit filename="src/crypto/Makefile" />
		<Unit filename="src/crypto/aes-cbc.c">
			<Option compilerVar="CC" />
		</Unit>
		<Unit filename="src/crypto/aes-ccm.c">
			<Option compilerVar="CC" />
		</Unit>
		<Unit filename="src/crypto/aes-ctr.c">
			<Option compilerVar="CC" />
		</Unit>
		<Unit filename="src/crypto/aes-eax.c">
			<Option compilerVar="CC" />
		</Unit>
		<Unit filename="src/crypto/aes-encblock.c">
			<Option compilerVar="CC" />
		</Unit>
		<Unit filename="src/crypto/aes-gcm.c">
			<Option compilerVar="CC" />
		</Unit>
		<Unit filename="src/crypto/aes-internal-dec.c">
			<Option compilerVar="CC" />
		</Unit>
		<Unit filename="src/crypto/aes-internal-enc.c">
			<Option compilerVar="CC" />
		</Unit>
		<Unit filename="src/crypto/aes-internal.c">
			<Option compilerVar="CC" />
		</Unit>
		<Unit filename="src/crypto/aes-omac1.c">
			<Option compilerVar="CC" />
		</Unit>
		<Unit filename="src/crypto/aes-siv.c">
			<Option compilerVar="CC" />
		</Unit>
		<Unit filename="src/crypto/aes-unwrap.c">
			<Option compilerVar="CC" />
		</Unit>
		<Unit filename="src/crypto/aes-wrap.c">
			<Option compilerVar="CC" />
		</Unit>
		<Unit filename="src/crypto/aes.h" />
		<Unit filename="src/crypto/aes_i.h" />
		<Unit filename="src/crypto/aes_siv.h" />
		<Unit filename="src/crypto/aes_wrap.h" />
		<Unit filename="src/crypto/crypto.h" />
		<Unit filename="src/crypto/crypto_gnutls.c">
			<Option compilerVar="CC" />
		</Unit>
		<Unit filename="src/crypto/crypto_internal-cipher.c">
			<Option compilerVar="CC" />
		</Unit>
		<Unit filename="src/crypto/crypto_internal-modexp.c">
			<Option compilerVar="CC" />
		</Unit>
		<Unit filename="src/crypto/crypto_internal-rsa.c">
			<Option compilerVar="CC" />
		</Unit>
		<Unit filename="src/crypto/crypto_internal.c">
			<Option compilerVar="CC" />
		</Unit>
		<Unit filename="src/crypto/crypto_libtomcrypt.c">
			<Option compilerVar="CC" />
		</Unit>
		<Unit filename="src/crypto/crypto_module_tests.c">
			<Option compilerVar="CC" />
		</Unit>
		<Unit filename="src/crypto/crypto_none.c">
			<Option compilerVar="CC" />
		</Unit>
		<Unit filename="src/crypto/crypto_openssl.c">
			<Option compilerVar="CC" />
		</Unit>
		<Unit filename="src/crypto/des-internal.c">
			<Option compilerVar="CC" />
		</Unit>
		<Unit filename="src/crypto/des_i.h" />
		<Unit filename="src/crypto/dh_group5.c">
			<Option compilerVar="CC" />
		</Unit>
		<Unit filename="src/crypto/dh_group5.h" />
		<Unit filename="src/crypto/dh_groups.c">
			<Option compilerVar="CC" />
		</Unit>
		<Unit filename="src/crypto/dh_groups.h" />
		<Unit filename="src/crypto/fips_prf_internal.c">
			<Option compilerVar="CC" />
		</Unit>
		<Unit filename="src/crypto/fips_prf_openssl.c">
			<Option compilerVar="CC" />
		</Unit>
		<Unit filename="src/crypto/md4-internal.c">
			<Option compilerVar="CC" />
		</Unit>
		<Unit filename="src/crypto/md5-internal.c">
			<Option compilerVar="CC" />
		</Unit>
		<Unit filename="src/crypto/md5.c">
			<Option compilerVar="CC" />
		</Unit>
		<Unit filename="src/crypto/md5.h" />
		<Unit filename="src/crypto/md5_i.h" />
		<Unit filename="src/crypto/milenage.c">
			<Option compilerVar="CC" />
		</Unit>
		<Unit filename="src/crypto/milenage.h" />
		<Unit filename="src/crypto/ms_funcs.c">
			<Option compilerVar="CC" />
		</Unit>
		<Unit filename="src/crypto/ms_funcs.h" />
		<Unit filename="src/crypto/random.c">
			<Option compilerVar="CC" />
		</Unit>
		<Unit filename="src/crypto/random.h" />
		<Unit filename="src/crypto/rc4.c">
			<Option compilerVar="CC" />
		</Unit>
		<Unit filename="src/crypto/sha1-internal.c">
			<Option compilerVar="CC" />
		</Unit>
		<Unit filename="src/crypto/sha1-pbkdf2.c">
			<Option compilerVar="CC" />
		</Unit>
		<Unit filename="src/crypto/sha1-prf.c">
			<Option compilerVar="CC" />
		</Unit>
		<Unit filename="src/crypto/sha1-tlsprf.c">
			<Option compilerVar="CC" />
		</Unit>
		<Unit filename="src/crypto/sha1-tprf.c">
			<Option compilerVar="CC" />
		</Unit>
		<Unit filename="src/crypto/sha1.c">
			<Option compilerVar="CC" />
		</Unit>
		<Unit filename="src/crypto/sha1.h" />
		<Unit filename="src/crypto/sha1_i.h" />
		<Unit filename="src/crypto/sha256-internal.c">
			<Option compilerVar="CC" />
		</Unit>
		<Unit filename="src/crypto/sha256-kdf.c">
			<Option compilerVar="CC" />
		</Unit>
		<Unit filename="src/crypto/sha256-prf.c">
			<Option compilerVar="CC" />
		</Unit>
		<Unit filename="src/crypto/sha256-tlsprf.c">
			<Option compilerVar="CC" />
		</Unit>
		<Unit filename="src/crypto/sha256.c">
			<Option compilerVar="CC" />
		</Unit>
		<Unit filename="src/crypto/sha256.h" />
		<Unit filename="src/crypto/sha256_i.h" />
		<Unit filename="src/crypto/sha384-prf.c">
			<Option compilerVar="CC" />
		</Unit>
		<Unit filename="src/crypto/sha384.h" />
		<Unit filename="src/crypto/tls.h" />
		<Unit filename="src/crypto/tls_gnutls.c">
			<Option compilerVar="CC" />
		</Unit>
		<Unit filename="src/crypto/tls_internal.c">
			<Option compilerVar="CC" />
		</Unit>
		<Unit filename="src/crypto/tls_none.c">
			<Option compilerVar="CC" />
		</Unit>
		<Unit filename="src/crypto/tls_openssl.c">
			<Option compilerVar="CC" />
		</Unit>
		<Unit filename="src/drivers/Makefile" />
		<Unit filename="src/drivers/android_drv.h" />
		<Unit filename="src/drivers/driver.h" />
		<Unit filename="src/drivers/driver_atheros.c">
			<Option compilerVar="CC" />
		</Unit>
		<Unit filename="src/drivers/driver_bsd.c">
			<Option compilerVar="CC" />
		</Unit>
		<Unit filename="src/drivers/driver_common.c">
			<Option compilerVar="CC" />
		</Unit>
		<Unit filename="src/drivers/driver_hostap.c">
			<Option compilerVar="CC" />
		</Unit>
		<Unit filename="src/drivers/driver_hostap.h" />
		<Unit filename="src/drivers/driver_macsec_qca.c">
			<Option compilerVar="CC" />
		</Unit>
		<Unit filename="src/drivers/driver_ndis.c">
			<Option compilerVar="CC" />
		</Unit>
		<Unit filename="src/drivers/driver_ndis.h" />
		<Unit filename="src/drivers/driver_ndis_.c">
			<Option compilerVar="CC" />
		</Unit>
		<Unit filename="src/drivers/driver_nl80211.c">
			<Option compilerVar="CC" />
		</Unit>
		<Unit filename="src/drivers/driver_nl80211.h" />
		<Unit filename="src/drivers/driver_nl80211_android.c">
			<Option compilerVar="CC" />
		</Unit>
		<Unit filename="src/drivers/driver_nl80211_capa.c">
			<Option compilerVar="CC" />
		</Unit>
		<Unit filename="src/drivers/driver_nl80211_event.c">
			<Option compilerVar="CC" />
		</Unit>
		<Unit filename="src/drivers/driver_nl80211_monitor.c">
			<Option compilerVar="CC" />
		</Unit>
		<Unit filename="src/drivers/driver_nl80211_scan.c">
			<Option compilerVar="CC" />
		</Unit>
		<Unit filename="src/drivers/driver_none.c">
			<Option compilerVar="CC" />
		</Unit>
		<Unit filename="src/drivers/driver_openbsd.c">
			<Option compilerVar="CC" />
		</Unit>
		<Unit filename="src/drivers/driver_privsep.c">
			<Option compilerVar="CC" />
		</Unit>
		<Unit filename="src/drivers/driver_roboswitch.c">
			<Option compilerVar="CC" />
		</Unit>
		<Unit filename="src/drivers/driver_wext.c">
			<Option compilerVar="CC" />
		</Unit>
		<Unit filename="src/drivers/driver_wext.h" />
		<Unit filename="src/drivers/driver_wired.c">
			<Option compilerVar="CC" />
		</Unit>
		<Unit filename="src/drivers/drivers.c">
			<Option compilerVar="CC" />
		</Unit>
		<Unit filename="src/drivers/drivers.mak" />
		<Unit filename="src/drivers/drivers.mk" />
		<Unit filename="src/drivers/linux_defines.h" />
		<Unit filename="src/drivers/linux_ioctl.c">
			<Option compilerVar="CC" />
		</Unit>
		<Unit filename="src/drivers/linux_ioctl.h" />
		<Unit filename="src/drivers/linux_wext.h" />
		<Unit filename="src/drivers/ndis_events.c">
			<Option compilerVar="CC" />
		</Unit>
		<Unit filename="src/drivers/netlink.c">
			<Option compilerVar="CC" />
		</Unit>
		<Unit filename="src/drivers/netlink.h" />
		<Unit filename="src/drivers/nl80211_copy.h" />
		<Unit filename="src/drivers/priv_netlink.h" />
		<Unit filename="src/drivers/rfkill.c">
			<Option compilerVar="CC" />
		</Unit>
		<Unit filename="src/drivers/rfkill.h" />
		<Unit filename="src/eap_common/Makefile" />
		<Unit filename="src/eap_common/chap.c">
			<Option compilerVar="CC" />
		</Unit>
		<Unit filename="src/eap_common/chap.h" />
		<Unit filename="src/eap_common/eap_common.c">
			<Option compilerVar="CC" />
		</Unit>
		<Unit filename="src/eap_common/eap_common.h" />
		<Unit filename="src/eap_common/eap_defs.h" />
		<Unit filename="src/eap_common/eap_eke_common.c">
			<Option compilerVar="CC" />
		</Unit>
		<Unit filename="src/eap_common/eap_eke_common.h" />
		<Unit filename="src/eap_common/eap_fast_common.c">
			<Option compilerVar="CC" />
		</Unit>
		<Unit filename="src/eap_common/eap_fast_common.h" />
		<Unit filename="src/eap_common/eap_gpsk_common.c">
			<Option compilerVar="CC" />
		</Unit>
		<Unit filename="src/eap_common/eap_gpsk_common.h" />
		<Unit filename="src/eap_common/eap_ikev2_common.c">
			<Option compilerVar="CC" />
		</Unit>
		<Unit filename="src/eap_common/eap_ikev2_common.h" />
		<Unit filename="src/eap_common/eap_pax_common.c">
			<Option compilerVar="CC" />
		</Unit>
		<Unit filename="src/eap_common/eap_pax_common.h" />
		<Unit filename="src/eap_common/eap_peap_common.c">
			<Option compilerVar="CC" />
		</Unit>
		<Unit filename="src/eap_common/eap_peap_common.h" />
		<Unit filename="src/eap_common/eap_psk_common.c">
			<Option compilerVar="CC" />
		</Unit>
		<Unit filename="src/eap_common/eap_psk_common.h" />
		<Unit filename="src/eap_common/eap_pwd_common.c">
			<Option compilerVar="CC" />
		</Unit>
		<Unit filename="src/eap_common/eap_pwd_common.h" />
		<Unit filename="src/eap_common/eap_sake_common.c">
			<Option compilerVar="CC" />
		</Unit>
		<Unit filename="src/eap_common/eap_sake_common.h" />
		<Unit filename="src/eap_common/eap_sim_common.c">
			<Option compilerVar="CC" />
		</Unit>
		<Unit filename="src/eap_common/eap_sim_common.h" />
		<Unit filename="src/eap_common/eap_tlv_common.h" />
		<Unit filename="src/eap_common/eap_ttls.h" />
		<Unit filename="src/eap_common/eap_wsc_common.c">
			<Option compilerVar="CC" />
		</Unit>
		<Unit filename="src/eap_common/eap_wsc_common.h" />
		<Unit filename="src/eap_common/ikev2_common.c">
			<Option compilerVar="CC" />
		</Unit>
		<Unit filename="src/eap_common/ikev2_common.h" />
		<Unit filename="src/eap_peer/Makefile" />
		<Unit filename="src/eap_peer/eap.c">
			<Option compilerVar="CC" />
		</Unit>
		<Unit filename="src/eap_peer/eap.h" />
		<Unit filename="src/eap_peer/eap_aka.c">
			<Option compilerVar="CC" />
		</Unit>
		<Unit filename="src/eap_peer/eap_config.h" />
		<Unit filename="src/eap_peer/eap_eke.c">
			<Option compilerVar="CC" />
		</Unit>
		<Unit filename="src/eap_peer/eap_fast.c">
			<Option compilerVar="CC" />
		</Unit>
		<Unit filename="src/eap_peer/eap_fast_pac.c">
			<Option compilerVar="CC" />
		</Unit>
		<Unit filename="src/eap_peer/eap_fast_pac.h" />
		<Unit filename="src/eap_peer/eap_gpsk.c">
			<Option compilerVar="CC" />
		</Unit>
		<Unit filename="src/eap_peer/eap_gtc.c">
			<Option compilerVar="CC" />
		</Unit>
		<Unit filename="src/eap_peer/eap_i.h" />
		<Unit filename="src/eap_peer/eap_ikev2.c">
			<Option compilerVar="CC" />
		</Unit>
		<Unit filename="src/eap_peer/eap_leap.c">
			<Option compilerVar="CC" />
		</Unit>
		<Unit filename="src/eap_peer/eap_md5.c">
			<Option compilerVar="CC" />
		</Unit>
		<Unit filename="src/eap_peer/eap_methods.c">
			<Option compilerVar="CC" />
		</Unit>
		<Unit filename="src/eap_peer/eap_methods.h" />
		<Unit filename="src/eap_peer/eap_mschapv2.c">
			<Option compilerVar="CC" />
		</Unit>
		<Unit filename="src/eap_peer/eap_otp.c">
			<Option compilerVar="CC" />
		</Unit>
		<Unit filename="src/eap_peer/eap_pax.c">
			<Option compilerVar="CC" />
		</Unit>
		<Unit filename="src/eap_peer/eap_peap.c">
			<Option compilerVar="CC" />
		</Unit>
		<Unit filename="src/eap_peer/eap_proxy.h" />
		<Unit filename="src/eap_peer/eap_proxy_dummy.c">
			<Option compilerVar="CC" />
		</Unit>
		<Unit filename="src/eap_peer/eap_psk.c">
			<Option compilerVar="CC" />
		</Unit>
		<Unit filename="src/eap_peer/eap_pwd.c">
			<Option compilerVar="CC" />
		</Unit>
		<Unit filename="src/eap_peer/eap_sake.c">
			<Option compilerVar="CC" />
		</Unit>
		<Unit filename="src/eap_peer/eap_sim.c">
			<Option compilerVar="CC" />
		</Unit>
		<Unit filename="src/eap_peer/eap_tls.c">
			<Option compilerVar="CC" />
		</Unit>
		<Unit filename="src/eap_peer/eap_tls_common.c">
			<Option compilerVar="CC" />
		</Unit>
		<Unit filename="src/eap_peer/eap_tls_common.h" />
		<Unit filename="src/eap_peer/eap_tnc.c">
			<Option compilerVar="CC" />
		</Unit>
		<Unit filename="src/eap_peer/eap_ttls.c">
			<Option compilerVar="CC" />
		</Unit>
		<Unit filename="src/eap_peer/eap_vendor_test.c">
			<Option compilerVar="CC" />
		</Unit>
		<Unit filename="src/eap_peer/eap_wsc.c">
			<Option compilerVar="CC" />
		</Unit>
		<Unit filename="src/eap_peer/ikev2.c">
			<Option compilerVar="CC" />
		</Unit>
		<Unit filename="src/eap_peer/ikev2.h" />
		<Unit filename="src/eap_peer/mschapv2.c">
			<Option compilerVar="CC" />
		</Unit>
		<Unit filename="src/eap_peer/mschapv2.h" />
		<Unit filename="src/eap_peer/tncc.c">
			<Option compilerVar="CC" />
		</Unit>
		<Unit filename="src/eap_peer/tncc.h" />
		<Unit filename="src/eap_server/Makefile" />
		<Unit filename="src/eap_server/eap.h" />
		<Unit filename="src/eap_server/eap_i.h" />
		<Unit filename="src/eap_server/eap_methods.h" />
		<Unit filename="src/eap_server/eap_server.c">
			<Option compilerVar="CC" />
		</Unit>
		<Unit filename="src/eap_server/eap_server_aka.c">
			<Option compilerVar="CC" />
		</Unit>
		<Unit filename="src/eap_server/eap_server_eke.c">
			<Option compilerVar="CC" />
		</Unit>
		<Unit filename="src/eap_server/eap_server_fast.c">
			<Option compilerVar="CC" />
		</Unit>
		<Unit filename="src/eap_server/eap_server_gpsk.c">
			<Option compilerVar="CC" />
		</Unit>
		<Unit filename="src/eap_server/eap_server_gtc.c">
			<Option compilerVar="CC" />
		</Unit>
		<Unit filename="src/eap_server/eap_server_identity.c">
			<Option compilerVar="CC" />
		</Unit>
		<Unit filename="src/eap_server/eap_server_ikev2.c">
			<Option compilerVar="CC" />
		</Unit>
		<Unit filename="src/eap_server/eap_server_md5.c">
			<Option compilerVar="CC" />
		</Unit>
		<Unit filename="src/eap_server/eap_server_methods.c">
			<Option compilerVar="CC" />
		</Unit>
		<Unit filename="src/eap_server/eap_server_mschapv2.c">
			<Option compilerVar="CC" />
		</Unit>
		<Unit filename="src/eap_server/eap_server_pax.c">
			<Option compilerVar="CC" />
		</Unit>
		<Unit filename="src/eap_server/eap_server_peap.c">
			<Option compilerVar="CC" />
		</Unit>
		<Unit filename="src/eap_server/eap_server_psk.c">
			<Option compilerVar="CC" />
		</Unit>
		<Unit filename="src/eap_server/eap_server_pwd.c">
			<Option compilerVar="CC" />
		</Unit>
		<Unit filename="src/eap_server/eap_server_sake.c">
			<Option compilerVar="CC" />
		</Unit>
		<Unit filename="src/eap_server/eap_server_sim.c">
			<Option compilerVar="CC" />
		</Unit>
		<Unit filename="src/eap_server/eap_server_tls.c">
			<Option compilerVar="CC" />
		</Unit>
		<Unit filename="src/eap_server/eap_server_tls_common.c">
			<Option compilerVar="CC" />
		</Unit>
		<Unit filename="src/eap_server/eap_server_tnc.c">
			<Option compilerVar="CC" />
		</Unit>
		<Unit filename="src/eap_server/eap_server_ttls.c">
			<Option compilerVar="CC" />
		</Unit>
		<Unit filename="src/eap_server/eap_server_vendor_test.c">
			<Option compilerVar="CC" />
		</Unit>
		<Unit filename="src/eap_server/eap_server_wsc.c">
			<Option compilerVar="CC" />
		</Unit>
		<Unit filename="src/eap_server/eap_sim_db.c">
			<Option compilerVar="CC" />
		</Unit>
		<Unit filename="src/eap_server/eap_sim_db.h" />
		<Unit filename="src/eap_server/eap_tls_common.h" />
		<Unit filename="src/eap_server/ikev2.c">
			<Option compilerVar="CC" />
		</Unit>
		<Unit filename="src/eap_server/ikev2.h" />
		<Unit filename="src/eap_server/tncs.c">
			<Option compilerVar="CC" />
		</Unit>
		<Unit filename="src/eap_server/tncs.h" />
		<Unit filename="src/eapol_auth/Makefile" />
		<Unit filename="src/eapol_auth/eapol_auth_dump.c">
			<Option compilerVar="CC" />
		</Unit>
		<Unit filename="src/eapol_auth/eapol_auth_sm.c">
			<Option compilerVar="CC" />
		</Unit>
		<Unit filename="src/eapol_auth/eapol_auth_sm.h" />
		<Unit filename="src/eapol_auth/eapol_auth_sm_i.h" />
		<Unit filename="src/eapol_supp/Makefile" />
		<Unit filename="src/eapol_supp/eapol_supp_sm.c">
			<Option compilerVar="CC" />
		</Unit>
		<Unit filename="src/eapol_supp/eapol_supp_sm.h" />
		<Unit filename="src/fst/Makefile" />
		<Unit filename="src/fst/fst.c">
			<Option compilerVar="CC" />
		</Unit>
		<Unit filename="src/fst/fst.h" />
		<Unit filename="src/fst/fst_ctrl_aux.c">
			<Option compilerVar="CC" />
		</Unit>
		<Unit filename="src/fst/fst_ctrl_aux.h" />
		<Unit filename="src/fst/fst_ctrl_defs.h" />
		<Unit filename="src/fst/fst_ctrl_iface.c">
			<Option compilerVar="CC" />
		</Unit>
		<Unit filename="src/fst/fst_ctrl_iface.h" />
		<Unit filename="src/fst/fst_defs.h" />
		<Unit filename="src/fst/fst_group.c">
			<Option compilerVar="CC" />
		</Unit>
		<Unit filename="src/fst/fst_group.h" />
		<Unit filename="src/fst/fst_iface.c">
			<Option compilerVar="CC" />
		</Unit>
		<Unit filename="src/fst/fst_iface.h" />
		<Unit filename="src/fst/fst_internal.h" />
		<Unit filename="src/fst/fst_session.c">
			<Option compilerVar="CC" />
		</Unit>
		<Unit filename="src/fst/fst_session.h" />
		<Unit filename="src/l2_packet/Makefile" />
		<Unit filename="src/l2_packet/l2_packet.h" />
		<Unit filename="src/l2_packet/l2_packet_freebsd.c">
			<Option compilerVar="CC" />
		</Unit>
		<Unit filename="src/l2_packet/l2_packet_linux.c">
			<Option compilerVar="CC" />
		</Unit>
		<Unit filename="src/l2_packet/l2_packet_ndis.c">
			<Option compilerVar="CC" />
		</Unit>
		<Unit filename="src/l2_packet/l2_packet_none.c">
			<Option compilerVar="CC" />
		</Unit>
		<Unit filename="src/l2_packet/l2_packet_pcap.c">
			<Option compilerVar="CC" />
		</Unit>
		<Unit filename="src/l2_packet/l2_packet_privsep.c">
			<Option compilerVar="CC" />
		</Unit>
		<Unit filename="src/l2_packet/l2_packet_winpcap.c">
			<Option compilerVar="CC" />
		</Unit>
		<Unit filename="src/lib.rules" />
		<Unit filename="src/p2p/Makefile" />
		<Unit filename="src/p2p/p2p.c">
			<Option compilerVar="CC" />
		</Unit>
		<Unit filename="src/p2p/p2p.h" />
		<Unit filename="src/p2p/p2p_build.c">
			<Option compilerVar="CC" />
		</Unit>
		<Unit filename="src/p2p/p2p_dev_disc.c">
			<Option compilerVar="CC" />
		</Unit>
		<Unit filename="src/p2p/p2p_go_neg.c">
			<Option compilerVar="CC" />
		</Unit>
		<Unit filename="src/p2p/p2p_group.c">
			<Option compilerVar="CC" />
		</Unit>
		<Unit filename="src/p2p/p2p_i.h" />
		<Unit filename="src/p2p/p2p_invitation.c">
			<Option compilerVar="CC" />
		</Unit>
		<Unit filename="src/p2p/p2p_parse.c">
			<Option compilerVar="CC" />
		</Unit>
		<Unit filename="src/p2p/p2p_pd.c">
			<Option compilerVar="CC" />
		</Unit>
		<Unit filename="src/p2p/p2p_sd.c">
			<Option compilerVar="CC" />
		</Unit>
		<Unit filename="src/p2p/p2p_utils.c">
			<Option compilerVar="CC" />
		</Unit>
		<Unit filename="src/pae/Makefile" />
		<Unit filename="src/pae/ieee802_1x_cp.c">
			<Option compilerVar="CC" />
		</Unit>
		<Unit filename="src/pae/ieee802_1x_cp.h" />
		<Unit filename="src/pae/ieee802_1x_kay.c">
			<Option compilerVar="CC" />
		</Unit>
		<Unit filename="src/pae/ieee802_1x_kay.h" />
		<Unit filename="src/pae/ieee802_1x_kay_i.h" />
		<Unit filename="src/pae/ieee802_1x_key.c">
			<Option compilerVar="CC" />
		</Unit>
		<Unit filename="src/pae/ieee802_1x_key.h" />
		<Unit filename="src/pae/ieee802_1x_secy_ops.c">
			<Option compilerVar="CC" />
		</Unit>
		<Unit filename="src/pae/ieee802_1x_secy_ops.h" />
		<Unit filename="src/radius/Makefile" />
		<Unit filename="src/radius/radius.c">
			<Option compilerVar="CC" />
		</Unit>
		<Unit filename="src/radius/radius.h" />
		<Unit filename="src/radius/radius_client.c">
			<Option compilerVar="CC" />
		</Unit>
		<Unit filename="src/radius/radius_client.h" />
		<Unit filename="src/radius/radius_das.c">
			<Option compilerVar="CC" />
		</Unit>
		<Unit filename="src/radius/radius_das.h" />
		<Unit filename="src/radius/radius_server.c">
			<Option compilerVar="CC" />
		</Unit>
		<Unit filename="src/radius/radius_server.h" />
		<Unit filename="src/rsn_supp/Makefile" />
		<Unit filename="src/rsn_supp/peerkey.c">
			<Option compilerVar="CC" />
		</Unit>
		<Unit filename="src/rsn_supp/peerkey.h" />
		<Unit filename="src/rsn_supp/pmksa_cache.c">
			<Option compilerVar="CC" />
		</Unit>
		<Unit filename="src/rsn_supp/pmksa_cache.h" />
		<Unit filename="src/rsn_supp/preauth.c">
			<Option compilerVar="CC" />
		</Unit>
		<Unit filename="src/rsn_supp/preauth.h" />
		<Unit filename="src/rsn_supp/tdls.c">
			<Option compilerVar="CC" />
		</Unit>
		<Unit filename="src/rsn_supp/wpa.c">
			<Option compilerVar="CC" />
		</Unit>
		<Unit filename="src/rsn_supp/wpa.h" />
		<Unit filename="src/rsn_supp/wpa_ft.c">
			<Option compilerVar="CC" />
		</Unit>
		<Unit filename="src/rsn_supp/wpa_i.h" />
		<Unit filename="src/rsn_supp/wpa_ie.c">
			<Option compilerVar="CC" />
		</Unit>
		<Unit filename="src/rsn_supp/wpa_ie.h" />
		<Unit filename="src/tls/Makefile" />
		<Unit filename="src/tls/asn1.c">
			<Option compilerVar="CC" />
		</Unit>
		<Unit filename="src/tls/asn1.h" />
		<Unit filename="src/tls/bignum.c">
			<Option compilerVar="CC" />
		</Unit>
		<Unit filename="src/tls/bignum.h" />
		<Unit filename="src/tls/libtommath.c">
			<Option compilerVar="CC" />
		</Unit>
		<Unit filename="src/tls/pkcs1.c">
			<Option compilerVar="CC" />
		</Unit>
		<Unit filename="src/tls/pkcs1.h" />
		<Unit filename="src/tls/pkcs5.c">
			<Option compilerVar="CC" />
		</Unit>
		<Unit filename="src/tls/pkcs5.h" />
		<Unit filename="src/tls/pkcs8.c">
			<Option compilerVar="CC" />
		</Unit>
		<Unit filename="src/tls/pkcs8.h" />
		<Unit filename="src/tls/rsa.c">
			<Option compilerVar="CC" />
		</Unit>
		<Unit filename="src/tls/rsa.h" />
		<Unit filename="src/tls/tlsv1_client.c">
			<Option compilerVar="CC" />
		</Unit>
		<Unit filename="src/tls/tlsv1_client.h" />
		<Unit filename="src/tls/tlsv1_client_i.h" />
		<Unit filename="src/tls/tlsv1_client_read.c">
			<Option compilerVar="CC" />
		</Unit>
		<Unit filename="src/tls/tlsv1_client_write.c">
			<Option compilerVar="CC" />
		</Unit>
		<Unit filename="src/tls/tlsv1_common.c">
			<Option compilerVar="CC" />
		</Unit>
		<Unit filename="src/tls/tlsv1_common.h" />
		<Unit filename="src/tls/tlsv1_cred.c">
			<Option compilerVar="CC" />
		</Unit>
		<Unit filename="src/tls/tlsv1_cred.h" />
		<Unit filename="src/tls/tlsv1_record.c">
			<Option compilerVar="CC" />
		</Unit>
		<Unit filename="src/tls/tlsv1_record.h" />
		<Unit filename="src/tls/tlsv1_server.c">
			<Option compilerVar="CC" />
		</Unit>
		<Unit filename="src/tls/tlsv1_server.h" />
		<Unit filename="src/tls/tlsv1_server_i.h" />
		<Unit filename="src/tls/tlsv1_server_read.c">
			<Option compilerVar="CC" />
		</Unit>
		<Unit filename="src/tls/tlsv1_server_write.c">
			<Option compilerVar="CC" />
		</Unit>
		<Unit filename="src/tls/x509v3.c">
			<Option compilerVar="CC" />
		</Unit>
		<Unit filename="src/tls/x509v3.h" />
		<Unit filename="src/utils/Makefile" />
		<Unit filename="src/utils/base64.c">
			<Option compilerVar="CC" />
		</Unit>
		<Unit filename="src/utils/base64.h" />
		<Unit filename="src/utils/bitfield.c">
			<Option compilerVar="CC" />
		</Unit>
		<Unit filename="src/utils/bitfield.h" />
		<Unit filename="src/utils/browser-android.c">
			<Option compilerVar="CC" />
		</Unit>
		<Unit filename="src/utils/browser-system.c">
			<Option compilerVar="CC" />
		</Unit>
		<Unit filename="src/utils/browser-wpadebug.c">
			<Option compilerVar="CC" />
		</Unit>
		<Unit filename="src/utils/browser.c">
			<Option compilerVar="CC" />
		</Unit>
		<Unit filename="src/utils/browser.h" />
		<Unit filename="src/utils/build_config.h" />
		<Unit filename="src/utils/common.c">
			<Option compilerVar="CC" />
		</Unit>
		<Unit filename="src/utils/common.h" />
		<Unit filename="src/utils/edit.c">
			<Option compilerVar="CC" />
		</Unit>
		<Unit filename="src/utils/edit.h" />
		<Unit filename="src/utils/edit_readline.c">
			<Option compilerVar="CC" />
		</Unit>
		<Unit filename="src/utils/edit_simple.c">
			<Option compilerVar="CC" />
		</Unit>
		<Unit filename="src/utils/eloop.c">
			<Option compilerVar="CC" />
		</Unit>
		<Unit filename="src/utils/eloop.h" />
		<Unit filename="src/utils/eloop_win.c">
			<Option compilerVar="CC" />
		</Unit>
		<Unit filename="src/utils/ext_password.c">
			<Option compilerVar="CC" />
		</Unit>
		<Unit filename="src/utils/ext_password.h" />
		<Unit filename="src/utils/ext_password_i.h" />
		<Unit filename="src/utils/ext_password_test.c">
			<Option compilerVar="CC" />
		</Unit>
		<Unit filename="src/utils/http-utils.h" />
		<Unit filename="src/utils/http_curl.c">
			<Option compilerVar="CC" />
		</Unit>
		<Unit filename="src/utils/includes.h" />
		<Unit filename="src/utils/ip_addr.c">
			<Option compilerVar="CC" />
		</Unit>
		<Unit filename="src/utils/ip_addr.h" />
		<Unit filename="src/utils/list.h" />
		<Unit filename="src/utils/os.h" />
		<Unit filename="src/utils/os_internal.c">
			<Option compilerVar="CC" />
		</Unit>
		<Unit filename="src/utils/os_none.c">
			<Option compilerVar="CC" />
		</Unit>
		<Unit filename="src/utils/os_unix.c">
			<Option compilerVar="CC" />
		</Unit>
		<Unit filename="src/utils/os_win32.c">
			<Option compilerVar="CC" />
		</Unit>
		<Unit filename="src/utils/pcsc_funcs.c">
			<Option compilerVar="CC" />
		</Unit>
		<Unit filename="src/utils/pcsc_funcs.h" />
		<Unit filename="src/utils/platform.h" />
		<Unit filename="src/utils/radiotap.c">
			<Option compilerVar="CC" />
		</Unit>
		<Unit filename="src/utils/radiotap.h" />
		<Unit filename="src/utils/radiotap_iter.h" />
		<Unit filename="src/utils/state_machine.h" />
		<Unit filename="src/utils/trace.c">
			<Option compilerVar="CC" />
		</Unit>
		<Unit filename="src/utils/trace.h" />
		<Unit filename="src/utils/utils_module_tests.c">
			<Option compilerVar="CC" />
		</Unit>
		<Unit filename="src/utils/uuid.c">
			<Option compilerVar="CC" />
		</Unit>
		<Unit filename="src/utils/uuid.h" />
		<Unit filename="src/utils/wpa_debug.c">
			<Option compilerVar="CC" />
		</Unit>
		<Unit filename="src/utils/wpa_debug.h" />
		<Unit filename="src/utils/wpabuf.c">
			<Option compilerVar="CC" />
		</Unit>
		<Unit filename="src/utils/wpabuf.h" />
		<Unit filename="src/utils/xml-utils.c">
			<Option compilerVar="CC" />
		</Unit>
		<Unit filename="src/utils/xml-utils.h" />
		<Unit filename="src/utils/xml_libxml2.c">
			<Option compilerVar="CC" />
		</Unit>
		<Unit filename="src/wps/Makefile" />
		<Unit filename="src/wps/http.h" />
		<Unit filename="src/wps/http_client.c">
			<Option compilerVar="CC" />
		</Unit>
		<Unit filename="src/wps/http_client.h" />
		<Unit filename="src/wps/http_server.c">
			<Option compilerVar="CC" />
		</Unit>
		<Unit filename="src/wps/http_server.h" />
		<Unit filename="src/wps/httpread.c">
			<Option compilerVar="CC" />
		</Unit>
		<Unit filename="src/wps/httpread.h" />
		<Unit filename="src/wps/ndef.c">
			<Option compilerVar="CC" />
		</Unit>
		<Unit filename="src/wps/upnp_xml.c">
			<Option compilerVar="CC" />
		</Unit>
		<Unit filename="src/wps/upnp_xml.h" />
		<Unit filename="src/wps/wps.c">
			<Option compilerVar="CC" />
		</Unit>
		<Unit filename="src/wps/wps.h" />
		<Unit filename="src/wps/wps_attr_build.c">
			<Option compilerVar="CC" />
		</Unit>
		<Unit filename="src/wps/wps_attr_parse.c">
			<Option compilerVar="CC" />
		</Unit>
		<Unit filename="src/wps/wps_attr_parse.h" />
		<Unit filename="src/wps/wps_attr_process.c">
			<Option compilerVar="CC" />
		</Unit>
		<Unit filename="src/wps/wps_common.c">
			<Option compilerVar="CC" />
		</Unit>
		<Unit filename="src/wps/wps_defs.h" />
		<Unit filename="src/wps/wps_dev_attr.c">
			<Option compilerVar="CC" />
		</Unit>
		<Unit filename="src/wps/wps_dev_attr.h" />
		<Unit filename="src/wps/wps_enrollee.c">
			<Option compilerVar="CC" />
		</Unit>
		<Unit filename="src/wps/wps_er.c">
			<Option compilerVar="CC" />
		</Unit>
		<Unit filename="src/wps/wps_er.h" />
		<Unit filename="src/wps/wps_er_ssdp.c">
			<Option compilerVar="CC" />
		</Unit>
		<Unit filename="src/wps/wps_i.h" />
		<Unit filename="src/wps/wps_module_tests.c">
			<Option compilerVar="CC" />
		</Unit>
		<Unit filename="src/wps/wps_registrar.c">
			<Option compilerVar="CC" />
		</Unit>
		<Unit filename="src/wps/wps_upnp.c">
			<Option compilerVar="CC" />
		</Unit>
		<Unit filename="src/wps/wps_upnp.h" />
		<Unit filename="src/wps/wps_upnp_ap.c">
			<Option compilerVar="CC" />
		</Unit>
		<Unit filename="src/wps/wps_upnp_event.c">
			<Option compilerVar="CC" />
		</Unit>
		<Unit filename="src/wps/wps_upnp_i.h" />
		<Unit filename="src/wps/wps_upnp_ssdp.c">
			<Option compilerVar="CC" />
		</Unit>
		<Unit filename="src/wps/wps_upnp_web.c">
			<Option compilerVar="CC" />
		</Unit>
		<Unit filename="src/wps/wps_validate.c">
			<Option compilerVar="CC" />
		</Unit>
		<Extensions>
			<code_completion />
			<debugger />
		</Extensions>
	</Project>
</CodeBlocks_project_file>
